
Microsoft Visual Studio Solution File, Format Version 12.00
# Visual Studio 15
VisualStudioVersion = 15.0.28307.168
MinimumVisualStudioVersion = 10.0.40219.1
Project("{FAE04EC0-301F-11D3-BF4B-00C04F79EFBC}") = "BotCatMaxy", "BotCatMaxy\BotCatMaxy.csproj", "{BA3618A8-03A9-4C2D-8901-417FE90F0D85}"
EndProject
Global
	GlobalSection(SolutionConfigurationPlatforms) = preSolution
		Debug|Any CPU = Debug|Any CPU
		Release|Any CPU = Release|Any CPU
	EndGlobalSection
	GlobalSection(ProjectConfigurationPlatforms) = postSolution
		{BA3618A8-03A9-4C2D-8901-417FE90F0D85}.Debug|Any CPU.ActiveCfg = Debug|Any CPU
		{BA3618A8-03A9-4C2D-8901-417FE90F0D85}.Debug|Any CPU.Build.0 = Debug|Any CPU
		{BA3618A8-03A9-4C2D-8901-417FE90F0D85}.Release|Any CPU.ActiveCfg = Release|Any CPU
		{BA3618A8-03A9-4C2D-8901-417FE90F0D85}.Release|Any CPU.Build.0 = Release|Any CPU
	EndGlobalSection
	GlobalSection(SolutionProperties) = preSolution
		HideSolutionNode = FALSE
	EndGlobalSection
	GlobalSection(ExtensibilityGlobals) = postSolution
		SolutionGuid = {6E641176-1B46-4F40-A54D-A1A24F23DFEE}
	EndGlobalSection
EndGlobal
